
Microsoft Visual Studio Solution File, Format Version 12.00
# Visual Studio Version 17
VisualStudioVersion = 17.13.35818.85
MinimumVisualStudioVersion = 10.0.40219.1
Project("{FAE04EC0-301F-11D3-BF4B-00C04F79EFBC}") = "AbstractModel", "AbstractModel\AbstractModel.csproj", "{56B988CA-DD75-41A1-8E81-BDA0A0FEF69A}"
EndProject
Project("{FAE04EC0-301F-11D3-BF4B-00C04F79EFBC}") = "SortingCenterModel", "SortingCenterModel\SortingCenterModel.csproj", "{A5A4B4A6-DA10-4EB7-B1A1-F259E7F4C79C}"
EndProject
Project("{FAE04EC0-301F-11D3-BF4B-00C04F79EFBC}") = "SortingCenterRuner", "SortingCenterRuner\SortingCenterRuner.csproj", "{28A2C6F1-F4AF-4D75-ACD1-8BD65AFD0516}"
EndProject
Project("{FAE04EC0-301F-11D3-BF4B-00C04F79EFBC}") = "SortingCenterAPI", "SortingCenterAPI\SortingCenterAPI.csproj", "{09AB77BB-E4E9-465D-AAF3-66A5CAFE1050}"
EndProject
Project("{FAE04EC0-301F-11D3-BF4B-00C04F79EFBC}") = "SortingCenterFrontend", "SortingCenterFrontend\SortingCenterFrontend.csproj", "{D4C96823-902A-44A9-A8D0-030E5122AFDE}"
EndProject
Global
	GlobalSection(SolutionConfigurationPlatforms) = preSolution
		Debug|Any CPU = Debug|Any CPU
		Release|Any CPU = Release|Any CPU
	EndGlobalSection
	GlobalSection(ProjectConfigurationPlatforms) = postSolution
		{56B988CA-DD75-41A1-8E81-BDA0A0FEF69A}.Debug|Any CPU.ActiveCfg = Debug|Any CPU
		{56B988CA-DD75-41A1-8E81-BDA0A0FEF69A}.Debug|Any CPU.Build.0 = Debug|Any CPU
		{56B988CA-DD75-41A1-8E81-BDA0A0FEF69A}.Release|Any CPU.ActiveCfg = Release|Any CPU
		{56B988CA-DD75-41A1-8E81-BDA0A0FEF69A}.Release|Any CPU.Build.0 = Release|Any CPU
		{A5A4B4A6-DA10-4EB7-B1A1-F259E7F4C79C}.Debug|Any CPU.ActiveCfg = Debug|Any CPU
		{A5A4B4A6-DA10-4EB7-B1A1-F259E7F4C79C}.Debug|Any CPU.Build.0 = Debug|Any CPU
		{A5A4B4A6-DA10-4EB7-B1A1-F259E7F4C79C}.Release|Any CPU.ActiveCfg = Release|Any CPU
		{A5A4B4A6-DA10-4EB7-B1A1-F259E7F4C79C}.Release|Any CPU.Build.0 = Release|Any CPU
		{28A2C6F1-F4AF-4D75-ACD1-8BD65AFD0516}.Debug|Any CPU.ActiveCfg = Debug|Any CPU
		{28A2C6F1-F4AF-4D75-ACD1-8BD65AFD0516}.Debug|Any CPU.Build.0 = Debug|Any CPU
		{28A2C6F1-F4AF-4D75-ACD1-8BD65AFD0516}.Release|Any CPU.ActiveCfg = Release|Any CPU
		{28A2C6F1-F4AF-4D75-ACD1-8BD65AFD0516}.Release|Any CPU.Build.0 = Release|Any CPU
		{09AB77BB-E4E9-465D-AAF3-66A5CAFE1050}.Debug|Any CPU.ActiveCfg = Debug|Any CPU
		{09AB77BB-E4E9-465D-AAF3-66A5CAFE1050}.Debug|Any CPU.Build.0 = Debug|Any CPU
		{09AB77BB-E4E9-465D-AAF3-66A5CAFE1050}.Release|Any CPU.ActiveCfg = Release|Any CPU
		{09AB77BB-E4E9-465D-AAF3-66A5CAFE1050}.Release|Any CPU.Build.0 = Release|Any CPU
		{D4C96823-902A-44A9-A8D0-030E5122AFDE}.Debug|Any CPU.ActiveCfg = Debug|Any CPU
		{D4C96823-902A-44A9-A8D0-030E5122AFDE}.Debug|Any CPU.Build.0 = Debug|Any CPU
		{D4C96823-902A-44A9-A8D0-030E5122AFDE}.Release|Any CPU.ActiveCfg = Release|Any CPU
		{D4C96823-902A-44A9-A8D0-030E5122AFDE}.Release|Any CPU.Build.0 = Release|Any CPU
	EndGlobalSection
	GlobalSection(SolutionProperties) = preSolution
		HideSolutionNode = FALSE
	EndGlobalSection
	GlobalSection(ExtensibilityGlobals) = postSolution
		SolutionGuid = {D7F3690F-F7CD-4301-A51E-082D4D4CB75F}
	EndGlobalSection
EndGlobal
